PODS:
  - SnapKit (5.6.0)
  - Then (3.0.0)

DEPENDENCIES:
  - SnapKit (~> 5.6.0)
  - Then

SPEC REPOS:
  trunk:
    - SnapKit
    - Then

SPEC CHECKSUMS:
  SnapKit: e01d52ebb8ddbc333eefe2132acf85c8227d9c25
  Then: 844265ae87834bbe1147d91d5d41a404da2ec27d

PODFILE CHECKSUM: e7d38efea6cb7a2746313ef2e950947c65640a0a

COCOAPODS: 1.12.0
